{
  "name": "random-user-data",
  "version": "1.0.9",
  "lockfileVersion": 3,
  "requires": true,
  "packages": {
    "": {
      "name": "random-user-data",
      "version": "1.0.9",
      "license": "ISC",
      "dependencies": {
        "@types/node": "^18.16.3"
      }
    },
    "node_modules/@types/node": {
      "version": "18.16.5",
      "resolved": "https://registry.npmjs.org/@types/node/-/node-18.16.5.tgz",
      "integrity": "sha512-seOA34WMo9KB+UA78qaJoCO20RJzZGVXQ5Sh6FWu0g/hfT44nKXnej3/tCQl7FL97idFpBhisLYCTB50S0EirA=="
    }
  }
}
